
Microsoft Visual Studio Solution File, Format Version 12.00
# Visual Studio Version 16
VisualStudioVersion = 16.0.30204.135
MinimumVisualStudioVersion = 10.0.40219.1
Project("{2150E333-8FDC-42A3-9474-1A3956D46DE8}") = "Ui", "Ui", "{E53C7D27-27C7-4E67-B3AA-99813A9B951B}"
EndProject
Project("{2150E333-8FDC-42A3-9474-1A3956D46DE8}") = "Solution Items", "Solution Items", "{401C78C8-7541-4AF5-8C6B-CADB5403C518}"
EndProject
Project("{2150E333-8FDC-42A3-9474-1A3956D46DE8}") = "DataAggregator", "DataAggregator", "{E390C02D-A1BD-4F08-A160-3CEE1DB49FAA}"
EndProject
Project("{FAE04EC0-301F-11D3-BF4B-00C04F79EFBC}") = "FundAggregator.Data.HargreavesLansdown", "DataAggregators\FundAggregator.Data.HargreavesLansdown\FundAggregator.Data.HargreavesLansdown.csproj", "{C596E334-294C-41F2-B710-2D8BB49E1F88}"
EndProject
Project("{9A19103F-16F7-4668-BE54-9A1E7A4F7556}") = "FundAggregator.Worker.Shared", "DataAggregators\FundAggregator.Worker.Contracts\FundAggregator.Worker.Shared.csproj", "{144B8100-EB1B-4867-A145-A3C6681F7F9B}"
EndProject
Global
	GlobalSection(SolutionConfigurationPlatforms) = preSolution
		Debug|Any CPU = Debug|Any CPU
		Release|Any CPU = Release|Any CPU
	EndGlobalSection
	GlobalSection(ProjectConfigurationPlatforms) = postSolution
		{C596E334-294C-41F2-B710-2D8BB49E1F88}.Debug|Any CPU.ActiveCfg = Debug|Any CPU
		{C596E334-294C-41F2-B710-2D8BB49E1F88}.Debug|Any CPU.Build.0 = Debug|Any CPU
		{C596E334-294C-41F2-B710-2D8BB49E1F88}.Release|Any CPU.ActiveCfg = Release|Any CPU
		{C596E334-294C-41F2-B710-2D8BB49E1F88}.Release|Any CPU.Build.0 = Release|Any CPU
		{144B8100-EB1B-4867-A145-A3C6681F7F9B}.Debug|Any CPU.ActiveCfg = Debug|Any CPU
		{144B8100-EB1B-4867-A145-A3C6681F7F9B}.Debug|Any CPU.Build.0 = Debug|Any CPU
		{144B8100-EB1B-4867-A145-A3C6681F7F9B}.Release|Any CPU.ActiveCfg = Release|Any CPU
		{144B8100-EB1B-4867-A145-A3C6681F7F9B}.Release|Any CPU.Build.0 = Release|Any CPU
	EndGlobalSection
	GlobalSection(SolutionProperties) = preSolution
		HideSolutionNode = FALSE
	EndGlobalSection
	GlobalSection(NestedProjects) = preSolution
		{C596E334-294C-41F2-B710-2D8BB49E1F88} = {E390C02D-A1BD-4F08-A160-3CEE1DB49FAA}
		{144B8100-EB1B-4867-A145-A3C6681F7F9B} = {E390C02D-A1BD-4F08-A160-3CEE1DB49FAA}
	EndGlobalSection
	GlobalSection(ExtensibilityGlobals) = postSolution
		SolutionGuid = {32421542-FA55-4FF6-AB9D-DDDBABE0FAF1}
	EndGlobalSection
EndGlobal
